
Microsoft Visual Studio Solution File, Format Version 12.00
# Visual Studio Version 16
VisualStudioVersion = 16.0.31005.135
MinimumVisualStudioVersion = 10.0.40219.1
Project("{9A19103F-16F7-4668-BE54-9A1E7A4F7556}") = "DataAccess", "DataAccess\DataAccess.csproj", "{5CB0D4BD-52D8-44B6-90C8-4602E2C36EAC}"
EndProject
Project("{9A19103F-16F7-4668-BE54-9A1E7A4F7556}") = "Business", "Business\Business.csproj", "{7F017D1D-E701-4D5F-964C-2BC9A327A64D}"
EndProject
Project("{9A19103F-16F7-4668-BE54-9A1E7A4F7556}") = "Entities", "Entities\Entities.csproj", "{DCD09D33-8CBA-491E-B9F8-B8EA217A8B6A}"
EndProject
Project("{9A19103F-16F7-4668-BE54-9A1E7A4F7556}") = "ConsoleUI", "ConsoleUI\ConsoleUI.csproj", "{184EAB7F-7203-4E9D-A664-F78748D79420}"
EndProject
Project("{FAE04EC0-301F-11D3-BF4B-00C04F79EFBC}") = "Corem", "Corem\Corem.csproj", "{32DE235E-49AD-40C4-B49C-0AA60226B7C9}"
EndProject
Global
	GlobalSection(SolutionConfigurationPlatforms) = preSolution
		Debug|Any CPU = Debug|Any CPU
		Release|Any CPU = Release|Any CPU
	EndGlobalSection
	GlobalSection(ProjectConfigurationPlatforms) = postSolution
		{5CB0D4BD-52D8-44B6-90C8-4602E2C36EAC}.Debug|Any CPU.ActiveCfg = Debug|Any CPU
		{5CB0D4BD-52D8-44B6-90C8-4602E2C36EAC}.Debug|Any CPU.Build.0 = Debug|Any CPU
		{5CB0D4BD-52D8-44B6-90C8-4602E2C36EAC}.Release|Any CPU.ActiveCfg = Release|Any CPU
		{5CB0D4BD-52D8-44B6-90C8-4602E2C36EAC}.Release|Any CPU.Build.0 = Release|Any CPU
		{7F017D1D-E701-4D5F-964C-2BC9A327A64D}.Debug|Any CPU.ActiveCfg = Debug|Any CPU
		{7F017D1D-E701-4D5F-964C-2BC9A327A64D}.Debug|Any CPU.Build.0 = Debug|Any CPU
		{7F017D1D-E701-4D5F-964C-2BC9A327A64D}.Release|Any CPU.ActiveCfg = Release|Any CPU
		{7F017D1D-E701-4D5F-964C-2BC9A327A64D}.Release|Any CPU.Build.0 = Release|Any CPU
		{DCD09D33-8CBA-491E-B9F8-B8EA217A8B6A}.Debug|Any CPU.ActiveCfg = Debug|Any CPU
		{DCD09D33-8CBA-491E-B9F8-B8EA217A8B6A}.Debug|Any CPU.Build.0 = Debug|Any CPU
		{DCD09D33-8CBA-491E-B9F8-B8EA217A8B6A}.Release|Any CPU.ActiveCfg = Release|Any CPU
		{DCD09D33-8CBA-491E-B9F8-B8EA217A8B6A}.Release|Any CPU.Build.0 = Release|Any CPU
		{184EAB7F-7203-4E9D-A664-F78748D79420}.Debug|Any CPU.ActiveCfg = Debug|Any CPU
		{184EAB7F-7203-4E9D-A664-F78748D79420}.Debug|Any CPU.Build.0 = Debug|Any CPU
		{184EAB7F-7203-4E9D-A664-F78748D79420}.Release|Any CPU.ActiveCfg = Release|Any CPU
		{184EAB7F-7203-4E9D-A664-F78748D79420}.Release|Any CPU.Build.0 = Release|Any CPU
		{32DE235E-49AD-40C4-B49C-0AA60226B7C9}.Debug|Any CPU.ActiveCfg = Debug|Any CPU
		{32DE235E-49AD-40C4-B49C-0AA60226B7C9}.Debug|Any CPU.Build.0 = Debug|Any CPU
		{32DE235E-49AD-40C4-B49C-0AA60226B7C9}.Release|Any CPU.ActiveCfg = Release|Any CPU
		{32DE235E-49AD-40C4-B49C-0AA60226B7C9}.Release|Any CPU.Build.0 = Release|Any CPU
	EndGlobalSection
	GlobalSection(SolutionProperties) = preSolution
		HideSolutionNode = FALSE
	EndGlobalSection
	GlobalSection(ExtensibilityGlobals) = postSolution
		SolutionGuid = {9031C80A-E63B-4DEE-88F8-4FD64A15F02D}
	EndGlobalSection
EndGlobal
